
Microsoft Visual Studio Solution File, Format Version 12.00
# Visual Studio Version 17
VisualStudioVersion = 17.6.33829.357
MinimumVisualStudioVersion = 10.0.40219.1
Project("{FAE04EC0-301F-11D3-BF4B-00C04F79EFBC}") = "PersonelApp", "PersonelApp\PersonelApp.csproj", "{1F545A7E-EA85-4A56-A0DA-D0D0A133C939}"
EndProject
Project("{9A19103F-16F7-4668-BE54-9A1E7A4F7556}") = "PersonelAPI", "..\..\..\asp\PersonelAPI\PersonelAPI\PersonelAPI.csproj", "{6BA22E31-8AE0-4289-A978-6BA7D6E71245}"
EndProject
Global
	GlobalSection(SolutionConfigurationPlatforms) = preSolution
		Debug|Any CPU = Debug|Any CPU
		Release|Any CPU = Release|Any CPU
	EndGlobalSection
	GlobalSection(ProjectConfigurationPlatforms) = postSolution
		{1F545A7E-EA85-4A56-A0DA-D0D0A133C939}.Debug|Any CPU.ActiveCfg = Debug|Any CPU
		{1F545A7E-EA85-4A56-A0DA-D0D0A133C939}.Debug|Any CPU.Build.0 = Debug|Any CPU
		{1F545A7E-EA85-4A56-A0DA-D0D0A133C939}.Release|Any CPU.ActiveCfg = Release|Any CPU
		{1F545A7E-EA85-4A56-A0DA-D0D0A133C939}.Release|Any CPU.Build.0 = Release|Any CPU
		{6BA22E31-8AE0-4289-A978-6BA7D6E71245}.Debug|Any CPU.ActiveCfg = Debug|Any CPU
		{6BA22E31-8AE0-4289-A978-6BA7D6E71245}.Debug|Any CPU.Build.0 = Debug|Any CPU
		{6BA22E31-8AE0-4289-A978-6BA7D6E71245}.Release|Any CPU.ActiveCfg = Release|Any CPU
		{6BA22E31-8AE0-4289-A978-6BA7D6E71245}.Release|Any CPU.Build.0 = Release|Any CPU
	EndGlobalSection
	GlobalSection(SolutionProperties) = preSolution
		HideSolutionNode = FALSE
	EndGlobalSection
	GlobalSection(ExtensibilityGlobals) = postSolution
		SolutionGuid = {282264E5-F8A3-459C-AB19-7E901A797148}
	EndGlobalSection
EndGlobal
